
Microsoft Visual Studio Solution File, Format Version 12.00
# Visual Studio Version 16
VisualStudioVersion = 16.0.29102.190
MinimumVisualStudioVersion = 10.0.40219.1
Project("{FAE04EC0-301F-11D3-BF4B-00C04F79EFBC}") = "RocketSimulator", "RocketSimulator\RocketSimulator.csproj", "{1783A25E-A8B8-4E5F-88DC-C33EC64E8570}"
EndProject
Project("{FAE04EC0-301F-11D3-BF4B-00C04F79EFBC}") = "Control", "Control\Control.csproj", "{74A64AD7-CFB7-46C8-A709-1474D5048306}"
EndProject
Project("{FAE04EC0-301F-11D3-BF4B-00C04F79EFBC}") = "ALPHASim", "ALPHASim\ALPHASim.csproj", "{58FC701B-CB4E-4C8A-89BA-FA41963DC6F5}"
EndProject
Project("{FAE04EC0-301F-11D3-BF4B-00C04F79EFBC}") = "SimulatorUI", "SimulatorUI\SimulatorUI.csproj", "{1E51AA8B-B848-41FF-8DAB-CB7C4BAE326B}"
EndProject
Project("{FAE04EC0-301F-11D3-BF4B-00C04F79EFBC}") = "RocketSimulatorTests", "RocketSimulatorTests\RocketSimulatorTests.csproj", "{DBEE5849-235F-415F-A5B4-77F797A1FA4D}"
EndProject
Global
	GlobalSection(SolutionConfigurationPlatforms) = preSolution
		BuildAll|Any CPU = BuildAll|Any CPU
		Debug|Any CPU = Debug|Any CPU
		Release|Any CPU = Release|Any CPU
	EndGlobalSection
	GlobalSection(ProjectConfigurationPlatforms) = postSolution
		{1783A25E-A8B8-4E5F-88DC-C33EC64E8570}.BuildAll|Any CPU.ActiveCfg = BuildAll|Any CPU
		{1783A25E-A8B8-4E5F-88DC-C33EC64E8570}.BuildAll|Any CPU.Build.0 = BuildAll|Any CPU
		{1783A25E-A8B8-4E5F-88DC-C33EC64E8570}.Debug|Any CPU.ActiveCfg = Debug|Any CPU
		{1783A25E-A8B8-4E5F-88DC-C33EC64E8570}.Debug|Any CPU.Build.0 = Debug|Any CPU
		{1783A25E-A8B8-4E5F-88DC-C33EC64E8570}.Release|Any CPU.ActiveCfg = Release|Any CPU
		{1783A25E-A8B8-4E5F-88DC-C33EC64E8570}.Release|Any CPU.Build.0 = Release|Any CPU
		{74A64AD7-CFB7-46C8-A709-1474D5048306}.BuildAll|Any CPU.ActiveCfg = BuildAll|Any CPU
		{74A64AD7-CFB7-46C8-A709-1474D5048306}.BuildAll|Any CPU.Build.0 = BuildAll|Any CPU
		{74A64AD7-CFB7-46C8-A709-1474D5048306}.Debug|Any CPU.ActiveCfg = Debug|Any CPU
		{74A64AD7-CFB7-46C8-A709-1474D5048306}.Debug|Any CPU.Build.0 = Debug|Any CPU
		{74A64AD7-CFB7-46C8-A709-1474D5048306}.Release|Any CPU.ActiveCfg = Release|Any CPU
		{74A64AD7-CFB7-46C8-A709-1474D5048306}.Release|Any CPU.Build.0 = Release|Any CPU
		{58FC701B-CB4E-4C8A-89BA-FA41963DC6F5}.BuildAll|Any CPU.ActiveCfg = BuildAll|Any CPU
		{58FC701B-CB4E-4C8A-89BA-FA41963DC6F5}.BuildAll|Any CPU.Build.0 = BuildAll|Any CPU
		{58FC701B-CB4E-4C8A-89BA-FA41963DC6F5}.Debug|Any CPU.ActiveCfg = Debug|Any CPU
		{58FC701B-CB4E-4C8A-89BA-FA41963DC6F5}.Debug|Any CPU.Build.0 = Debug|Any CPU
		{58FC701B-CB4E-4C8A-89BA-FA41963DC6F5}.Release|Any CPU.ActiveCfg = Release|Any CPU
		{58FC701B-CB4E-4C8A-89BA-FA41963DC6F5}.Release|Any CPU.Build.0 = Release|Any CPU
		{1E51AA8B-B848-41FF-8DAB-CB7C4BAE326B}.BuildAll|Any CPU.ActiveCfg = BuildAll|Any CPU
		{1E51AA8B-B848-41FF-8DAB-CB7C4BAE326B}.BuildAll|Any CPU.Build.0 = BuildAll|Any CPU
		{1E51AA8B-B848-41FF-8DAB-CB7C4BAE326B}.Debug|Any CPU.ActiveCfg = Debug|Any CPU
		{1E51AA8B-B848-41FF-8DAB-CB7C4BAE326B}.Debug|Any CPU.Build.0 = Debug|Any CPU
		{1E51AA8B-B848-41FF-8DAB-CB7C4BAE326B}.Release|Any CPU.ActiveCfg = Release|Any CPU
		{1E51AA8B-B848-41FF-8DAB-CB7C4BAE326B}.Release|Any CPU.Build.0 = Release|Any CPU
		{DBEE5849-235F-415F-A5B4-77F797A1FA4D}.BuildAll|Any CPU.ActiveCfg = Release|Any CPU
		{DBEE5849-235F-415F-A5B4-77F797A1FA4D}.BuildAll|Any CPU.Build.0 = Release|Any CPU
		{DBEE5849-235F-415F-A5B4-77F797A1FA4D}.Debug|Any CPU.ActiveCfg = Debug|Any CPU
		{DBEE5849-235F-415F-A5B4-77F797A1FA4D}.Debug|Any CPU.Build.0 = Debug|Any CPU
		{DBEE5849-235F-415F-A5B4-77F797A1FA4D}.Release|Any CPU.ActiveCfg = Release|Any CPU
		{DBEE5849-235F-415F-A5B4-77F797A1FA4D}.Release|Any CPU.Build.0 = Release|Any CPU
	EndGlobalSection
	GlobalSection(SolutionProperties) = preSolution
		HideSolutionNode = FALSE
	EndGlobalSection
	GlobalSection(ExtensibilityGlobals) = postSolution
		SolutionGuid = {E273CA94-B657-4A77-BA49-C37975411E43}
	EndGlobalSection
EndGlobal
